
Microsoft Visual Studio Solution File, Format Version 12.00
Project("{FAE04EC0-301F-11D3-BF4B-00C04F79EFBC}") = "HttpImg", "HttpImg\HttpImg.csproj", "{E789E397-6DDA-4D71-A5D5-2E1AFF079614}"
EndProject
Global
	GlobalSection(SolutionConfigurationPlatforms) = preSolution
		Debug|Any CPU = Debug|Any CPU
		Release|Any CPU = Release|Any CPU
	EndGlobalSection
	GlobalSection(ProjectConfigurationPlatforms) = postSolution
		{E789E397-6DDA-4D71-A5D5-2E1AFF079614}.Debug|Any CPU.ActiveCfg = Debug|Any CPU
		{E789E397-6DDA-4D71-A5D5-2E1AFF079614}.Debug|Any CPU.Build.0 = Debug|Any CPU
		{E789E397-6DDA-4D71-A5D5-2E1AFF079614}.Release|Any CPU.ActiveCfg = Release|Any CPU
		{E789E397-6DDA-4D71-A5D5-2E1AFF079614}.Release|Any CPU.Build.0 = Release|Any CPU
	EndGlobalSection
EndGlobal
